
Microsoft Visual Studio Solution File, Format Version 12.00
# Visual Studio Version 16
VisualStudioVersion = 16.0.29025.244
MinimumVisualStudioVersion = 10.0.40219.1
Project("{FAE04EC0-301F-11D3-BF4B-00C04F79EFBC}") = "Naos.Packaging.Domain", "Naos.Packaging.Domain\Naos.Packaging.Domain.csproj", "{2B0FDF5D-C88D-4C1E-B7A2-3BAEC4AD3267}"
EndProject
Project("{FAE04EC0-301F-11D3-BF4B-00C04F79EFBC}") = "Naos.Packaging.NuGet", "Naos.Packaging.NuGet\Naos.Packaging.NuGet.csproj", "{9FEBD7FE-8879-461F-8E5F-8C8B292F802B}"
EndProject
Project("{FAE04EC0-301F-11D3-BF4B-00C04F79EFBC}") = "Naos.Packaging.NuGet.Test", "Naos.Packaging.NuGet.Test\Naos.Packaging.NuGet.Test.csproj", "{76E4A9A3-B553-4A5D-9D86-F1A0F9A9BF7B}"
EndProject
Project("{FAE04EC0-301F-11D3-BF4B-00C04F79EFBC}") = "Naos.Packaging.Null", "Naos.Packaging.Null\Naos.Packaging.Null.csproj", "{3221B1A4-DB5A-4750-8818-C92F426D9DEF}"
EndProject
Project("{FAE04EC0-301F-11D3-BF4B-00C04F79EFBC}") = "Naos.Packaging.Serialization.Json", "Naos.Packaging.Serialization.Json\Naos.Packaging.Serialization.Json.csproj", "{E1EEB6C0-F13A-46A9-89B7-2CAA7F562032}"
EndProject
Project("{FAE04EC0-301F-11D3-BF4B-00C04F79EFBC}") = "Naos.Packaging.Serialization.Bson", "Naos.Packaging.Serialization.Bson\Naos.Packaging.Serialization.Bson.csproj", "{BE057E43-25AC-485E-AA3E-E996F925D448}"
EndProject
Project("{2150E333-8FDC-42A3-9474-1A3956D46DE8}") = "Solution Items", "Solution Items", "{B305B628-F415-46BB-BB9C-29250593237E}"
	ProjectSection(SolutionItems) = preProject
		.gitignore = .gitignore
		LICENSE = LICENSE
		README.md = README.md
		RepoConfig.state = RepoConfig.state
	EndProjectSection
EndProject
Global
	GlobalSection(SolutionConfigurationPlatforms) = preSolution
		Debug|Any CPU = Debug|Any CPU
		Release|Any CPU = Release|Any CPU
	EndGlobalSection
	GlobalSection(ProjectConfigurationPlatforms) = postSolution
		{2B0FDF5D-C88D-4C1E-B7A2-3BAEC4AD3267}.Debug|Any CPU.ActiveCfg = Debug|Any CPU
		{2B0FDF5D-C88D-4C1E-B7A2-3BAEC4AD3267}.Debug|Any CPU.Build.0 = Debug|Any CPU
		{2B0FDF5D-C88D-4C1E-B7A2-3BAEC4AD3267}.Release|Any CPU.ActiveCfg = Release|Any CPU
		{2B0FDF5D-C88D-4C1E-B7A2-3BAEC4AD3267}.Release|Any CPU.Build.0 = Release|Any CPU
		{9FEBD7FE-8879-461F-8E5F-8C8B292F802B}.Debug|Any CPU.ActiveCfg = Debug|Any CPU
		{9FEBD7FE-8879-461F-8E5F-8C8B292F802B}.Debug|Any CPU.Build.0 = Debug|Any CPU
		{9FEBD7FE-8879-461F-8E5F-8C8B292F802B}.Release|Any CPU.ActiveCfg = Release|Any CPU
		{9FEBD7FE-8879-461F-8E5F-8C8B292F802B}.Release|Any CPU.Build.0 = Release|Any CPU
		{76E4A9A3-B553-4A5D-9D86-F1A0F9A9BF7B}.Debug|Any CPU.ActiveCfg = Debug|Any CPU
		{76E4A9A3-B553-4A5D-9D86-F1A0F9A9BF7B}.Debug|Any CPU.Build.0 = Debug|Any CPU
		{76E4A9A3-B553-4A5D-9D86-F1A0F9A9BF7B}.Release|Any CPU.ActiveCfg = Release|Any CPU
		{76E4A9A3-B553-4A5D-9D86-F1A0F9A9BF7B}.Release|Any CPU.Build.0 = Release|Any CPU
		{3221B1A4-DB5A-4750-8818-C92F426D9DEF}.Debug|Any CPU.ActiveCfg = Debug|Any CPU
		{3221B1A4-DB5A-4750-8818-C92F426D9DEF}.Debug|Any CPU.Build.0 = Debug|Any CPU
		{3221B1A4-DB5A-4750-8818-C92F426D9DEF}.Release|Any CPU.ActiveCfg = Release|Any CPU
		{3221B1A4-DB5A-4750-8818-C92F426D9DEF}.Release|Any CPU.Build.0 = Release|Any CPU
		{E1EEB6C0-F13A-46A9-89B7-2CAA7F562032}.Debug|Any CPU.ActiveCfg = Debug|Any CPU
		{E1EEB6C0-F13A-46A9-89B7-2CAA7F562032}.Debug|Any CPU.Build.0 = Debug|Any CPU
		{E1EEB6C0-F13A-46A9-89B7-2CAA7F562032}.Release|Any CPU.ActiveCfg = Release|Any CPU
		{E1EEB6C0-F13A-46A9-89B7-2CAA7F562032}.Release|Any CPU.Build.0 = Release|Any CPU
		{BE057E43-25AC-485E-AA3E-E996F925D448}.Debug|Any CPU.ActiveCfg = Debug|Any CPU
		{BE057E43-25AC-485E-AA3E-E996F925D448}.Debug|Any CPU.Build.0 = Debug|Any CPU
		{BE057E43-25AC-485E-AA3E-E996F925D448}.Release|Any CPU.ActiveCfg = Release|Any CPU
		{BE057E43-25AC-485E-AA3E-E996F925D448}.Release|Any CPU.Build.0 = Release|Any CPU
	EndGlobalSection
	GlobalSection(SolutionProperties) = preSolution
		HideSolutionNode = FALSE
	EndGlobalSection
	GlobalSection(ExtensibilityGlobals) = postSolution
		SolutionGuid = {AB4B0407-4B88-42FB-B785-987619EB5DDD}
	EndGlobalSection
EndGlobal
